-----BEGIN ENCRYPTED PRIVATE KEY-----
MIIJrTBXBgkqhkiG9w0BBQ0wSjApBgkqhkiG9w0BBQwwHAQIP8yPTER+z8kCAggA
MAwGCCqGSIb3DQIJBQAwHQYJYIZIAWUDBAEqBBCfTdgjDTso6Vq9tMxaNGu6BIIJ
UIwyb9s0XplYyPbF9S1OUFf+zxoX0SVig7Y07f7piFCrVdC9CIAyyZ2QFflD69Wi
DEE1Yb9YLxGCxPyy7Vslw+CFcjf2JeD5Gt2hNIMXY72OJc8POVezrcE9Qvf7BT4i
aT1fSCPDhKOn+Y+sZTydbv9G2QW/b5M4uySmvyVZr93oalT/SfkFsmXYHJU98GRq
VryVPL5CbBhLOR6YzyK1e60eRkNspavrivuljGQ38EjlYehzZ4woBypF6Q9XZ07I
b8HydmUCB3z7dIjOf7dAG2LQDUHzTe15W2mUZsDWx5ZkKKUI3NkM8XQ0WVBX5Bt9
14QLeEcs72aSK9HqLY9/mClLff2WwCl5Qbw/OAi4I46HvtMUtDJPUUWbxQ9MjW2+
YESipDePdDqVpOw9Ubk72E68MGm6Ty+y6DF/tBfOPg+BpiH1il5Py9ZHWMO7X4wC
tRBwEGiT68FCzoIVNSZ8DFG3PUbuQg+gaBoyC7KgIVQ58KrRPrB1Dx0cL2JoGVbx
zlh6QtBt04JJYXjiJTWBBjZtLLKHPqt13bVscvjNzqwvD4E2dMq00QBovTajEVTP
CgzlEEl57xTr1moUZu/4O0bdc5xLUj5OqT0XyMH+/kHfk1UgXv6WTJruG1NbDG4J
Yme2O+Lqof0oKjLUIvQAmkQDZalbUdPgpJ13LhqAULdqjizUc1m84OtJt0GdRRKs
jJmkfBMZQRmv08xl76inAm2ItRO8/3hEyzB/AYEu7lpkXCeJtrrrpTOaKC8c2wUg
U+QQZ7+VdVnapbAj3xKyTseh1fbEQJfWGYsTqP/2Ydamsqu19qIB9Kr2CHDtK9DP
RPI7NKmgWcTPpaztiff4U9+KUVoPY40sW9DxjUkCpA+/AvQOfPLOLSHmjMin/iNO
lwXSX3Xo2VxqCR/s9Uijq2d/Jz3UtvSrkUFH9kQrD4TNqCvt8F7TC46QOXlel395
E0rWVk5GeePVkadCqowI6o0g7wWBkyXzouzWILXaSZjBBBPoPeUc5czosjn1z9jF
DPL9N9C/C7yI8Ig1+wUk5WVSdArIb1ypjLo8EeD/bP5H8Chl0rodNQZQRJ9nan2Y
kPRgRfOynEeZ/TvLuWymhqdarN6cN25mcNqFVJdQt23nLG4ORvKhX9dHWMqwGepb
po/M2Kk5AQXZelW3sQr9licQc9CRZwrSU4nzYFrI2bguyb+xt7n7M5V9VOdh/Gp7
gTiXOS+m3gNEfc+C9Eed2K0npMexXeHGpjbPFNXOovVTQ/48K5nz5FxqrZchCsa/
6/dLcKPHsJNs4+0uBd9TQVfQ2J5bhcZfET8KsL+ZlgnspiM4DdiKn6ePr+onnHBA
zRMtl6P2RSImgusrrnxuGAw43Yn9Ms8CxHvEEOv8lzm0Z9uwqmHqJ9y21QP4CyOr
fDAxnCSk1y0bAuTiS/14ZwQWfJB6EkTejqBw7019xO5P4zJgC/cz2/qgpMicS1k7
jujYaFUcgCUUOTj1Hlj1zKG3QgDUG+/OmOz0Gyb0tyOeREt/ebmrlxSbg/SHcrbz
U+0slFQaSKNEf+YCrH3Ecj4Y9es13TCEqkb8XqJpgstu64+tbZ81lbu7tyHHcOl3
pnTpNFLc6TUc6ikR5plOJy6+5DlHDbU+ZRkLQ8Pa99RyC/e3Xz97TDprEgi3DeDW
uRJkQETtYJDsrycr2wtsn6+FllQaA3T+9xp4OdaYfESIGLIwU6DfwI2Q8GMQLMPE
dKT83WG/NVOUBG/dypt8PSDqnSIN2pgSyHQeh0sAvGlsTvqm6mLjJwGMTIK93f09
ECWmGpBAtfKwfXftYdFVAS8OgXOwoMUzprCZxGNJnsGUR/9mXwE5lJ+IphmuJa4y
qbegFz1IcPkKf0kJ5EAEn9wZGc9jwag0VURzCGq9Gx606nOMXdIDA/TEDS9xHdxd
yx/DPt5x4ZxrXFDu02ug0sCcganIE4xG0IK5iBlMGqFGEx9sGWLPPJyh3UpapotD
5QK1DWNOHuT32oXai/RyghKRwzB/+HkxC5ng1EwLkOtj4qXofjOYvUu3LdtQ67t5
k/42yikWQCokgBUO3bN8iYhtcYKwzYFJq2j+7Orv6dOKBiGu7270HAg/NgJDbdWW
XejCnCe2aeIp14uuM76ESICHRShrob3HCB1yhcRLYExVYQG4sVQaL2OX0G2d9vSK
wBK3t/4SKrolNsIM40Un4aiS4Tb5GVovRuumVkyB+rWY1ac2ROGjivjFVBPkJZQO
rvPbCvglYglLIi+cN6DMtRAkeUW+IOf02qsmcNiGu0/XWlzbsSkBQ2rNBmsALXAv
M160vncoWVJoD7q9/igddzf5HVBdu0KViPB+E8jrZyLdo5o0gOaBwff1NebbfoXd
PhR5Hz/5GijSnTbkXSebUrGF8iR9epo2m+PEu6KLFgheJg8ug2yWJMwwu33Tkp62
4YLSCNQ46PMSNx76lNPk2Xi4/xiubg4FpEaALAQv82aaygIxFlwWtp/zMf+Gy0OV
To1SxRwJmG6ATHcaZcYclguEQpOY6U7I0KSjEyynkFnims7/eUU6920mjn4JKXZX
qM1XlDZWJaAqD/ABt0KoHgQhSSVQJTUiZ8NGuIDoIFLLJ4/rBIdfTVyq8CbuCMVY
qp6ww62wNpJdD6+IaL38vt7+UW/Eoqab9LHjtYnD8L/7odTnb9PjqnE5UVpqQg6L
3F1xbMNUrGpNiSbFepBehf0bBUAPASxGOR7pHFZJW+WHu9OEp0HaPl35ejcGn6xY
7ykIT/TsiuGFvC/5T7pRd2Tweh0g95tYQDUoqShT4P6a5GeKhF1RBJTqQmS9s3o9
WB82kLXikGgxSCfoq3gxyL/l6j4z4b05Dj2TxL3wydh7qw7P9wxz4FiQ3iAUdA0N
On0mmnYFjyLQrH/u+nU0JBm5tbxgC+ZX5Bu0uyAacNoVH90T1JY0RwEJwO3sFJFS
RrXOjj5RZE5dOZ0kPqChIabhScrK3M02V22KOWe40F7zaHDwyiFG943rrVDIRLtX
o9v8LpDvPaeTr5VRYzQjuOjR7HpUJ4NKpcGw4OsuENksZzbFW1pYE8WJMoTcK4DF
b44nanBNzBKzfdOG2sffGa2yJzKBG+QwhNFWJ5QhtNknAZT4ekCloxIC9nTY5mmW
FtqvF3CR4Ad3FFhVO2ZGkucgTkam9wKMvY2V85R2OUQ+
-----END ENCRYPTED PRIVATE KEY-----
